%{
  "amqp": {:hex, :amqp, "1.0.3", "06a6d909abc71d82b7c3133ca491899ca18fce857d0697dd060c29de1ef498d8", [:mix], [{:amqp_client, "~> 3.7.3", [hex: :amqp_client, repo: "hexpm", optional: false]}, {:goldrush, "~> 0.1.0", [hex: :goldrush, repo: "hexpm", optional: false]}, {:jsx, "~> 2.8", [hex: :jsx, repo: "hexpm", optional: false]}, {:lager, "~> 3.5", [hex: :lager, repo: "hexpm", optional: false]}, {:rabbit_common, "~> 3.7.3", [hex: :rabbit_common, repo: "hexpm", optional: false]}, {:ranch, "~> 1.4", [hex: :ranch, repo: "hexpm", optional: false]}, {:ranch_proxy_protocol, "~> 1.4", [hex: :ranch_proxy_protocol, repo: "hexpm", optional: false]}, {:recon, "~> 2.3.2", [hex: :recon, repo: "hexpm", optional: false]}], "hexpm"},
  "amqp_client": {:hex, :amqp_client, "3.7.8", "5ec44ad152aed8519ef557189fa21e779f60578d21bcab36cabe381b451728ee", [:make, :rebar3], [{:rabbit_common, "3.7.8", [hex: :rabbit_common, repo: "hexpm", optional: false]}], "hexpm"},
  "confex": {:hex, :confex, "3.3.1", "8febaf751bf293a16a1ed2cbd258459cdcc7ca53cfa61d3f83d49dd276a992b4", [], [], "hexpm"},
  "cowboy": {:hex, :cowboy, "1.1.2", "61ac29ea970389a88eca5a65601460162d370a70018afe6f949a29dca91f3bb0", [], [{:cowlib, "~> 1.0.2", [hex: :cowlib, repo: "hexpm", optional: false]}, {:ranch, "~> 1.3.2", [hex: :ranch, repo: "hexpm", optional: false]}], "hexpm"},
  "cowlib": {:hex, :cowlib, "1.0.2", "9d769a1d062c9c3ac753096f868ca121e2730b9a377de23dec0f7e08b1df84ee", [], [], "hexpm"},
  "decimal": {:hex, :decimal, "1.4.1", "ad9e501edf7322f122f7fc151cce7c2a0c9ada96f2b0155b8a09a795c2029770", [], [], "hexpm"},
  "distillery": {:hex, :distillery, "1.5.2", "eec18b2d37b55b0bcb670cf2bcf64228ed38ce8b046bb30a9b636a6f5a4c0080", [], [], "hexpm"},
  "ecto": {:hex, :ecto, "2.1.6", "29b45f393c2ecd99f83e418ea9b0a2af6078ecb30f401481abac8a473c490f84", [], [{:db_connection, "~> 1.1", [hex: :db_connection, repo: "hexpm", optional: true]}, {:decimal, "~> 1.2", [hex: :decimal, repo: "hexpm", optional: false]}, {:mariaex, "~> 0.8.0", [hex: :mariaex, repo: "hexpm", optional: true]}, {:poison, "~> 2.2 or ~> 3.0", [hex: :poison, repo: "hexpm", optional: true]}, {:poolboy, "~> 1.5", [hex: :poolboy, repo: "hexpm", optional: false]}, {:postgrex, "~> 0.13.0", [hex: :postgrex, repo: "hexpm", optional: true]}, {:sbroker, "~> 1.0", [hex: :sbroker, repo: "hexpm", optional: true]}], "hexpm"},
  "goldrush": {:hex, :goldrush, "0.1.9", "f06e5d5f1277da5c413e84d5a2924174182fb108dabb39d5ec548b27424cd106", [:rebar3], [], "hexpm"},
  "jsx": {:hex, :jsx, "2.8.2", "7acc7d785b5abe8a6e9adbde926a24e481f29956dd8b4df49e3e4e7bcc92a018", [:mix, :rebar3], [], "hexpm"},
  "lager": {:hex, :lager, "3.6.3", "fe78951d174616273f87f0dbc3374d1430b1952e5efc4e1c995592d30a207294", [:rebar3], [{:goldrush, "0.1.9", [hex: :goldrush, repo: "hexpm", optional: false]}], "hexpm"},
  "libcluster": {:hex, :libcluster, "2.3.0", "d2fb8e8b2054a4a0c7faf7ced7c41dd13f7b49cce689590d37ecf30098e1b344", [], [{:poison, "~> 3.0", [hex: :poison, repo: "hexpm", optional: false]}], "hexpm"},
  "maru": {:hex, :maru, "0.12.5", "86c7a74b405fc08f71c386206b26969152d999e9c2589391850bb3b633d2c0ca", [], [{:cowboy, "~> 1.1", [hex: :cowboy, repo: "hexpm", optional: false]}, {:plug, "~> 1.4", [hex: :plug, repo: "hexpm", optional: false]}, {:poison, "~> 3.0", [hex: :poison, repo: "hexpm", optional: false]}], "hexpm"},
  "mime": {:hex, :mime, "1.2.0", "78adaa84832b3680de06f88f0997e3ead3b451a440d183d688085be2d709b534", [], [], "hexpm"},
  "parallel_task": {:hex, :parallel_task, "0.1.1", "d65477457a9415b98c11b73c4f36886f3b24677595ff792ec8f460ad69725313", [:mix], [], "hexpm"},
  "plug": {:hex, :plug, "1.4.3", "236d77ce7bf3e3a2668dc0d32a9b6f1f9b1f05361019946aae49874904be4aed", [], [{:cowboy, "~> 1.0.1 or ~> 1.1", [hex: :cowboy, repo: "hexpm", optional: true]}, {:mime, "~> 1.0", [hex: :mime, repo: "hexpm", optional: false]}], "hexpm"},
  "poison": {:hex, :poison, "3.1.0", "d9eb636610e096f86f25d9a46f35a9facac35609a7591b3be3326e99a0484665", [], [], "hexpm"},
  "poolboy": {:hex, :poolboy, "1.5.1", "6b46163901cfd0a1b43d692657ed9d7e599853b3b21b95ae5ae0a777cf9b6ca8", [], [], "hexpm"},
  "rabbit_common": {:hex, :rabbit_common, "3.7.8", "e1410371c5814f85092b6dda85aa25fad945e7a41a9c4e34a59e61bd59a8c3b2", [:make, :rebar3], [{:jsx, "2.8.2", [hex: :jsx, repo: "hexpm", optional: false]}, {:lager, "3.6.3", [hex: :lager, repo: "hexpm", optional: false]}, {:ranch, "1.5.0", [hex: :ranch, repo: "hexpm", optional: false]}, {:ranch_proxy_protocol, "1.5.0", [hex: :ranch_proxy_protocol, repo: "hexpm", optional: false]}, {:recon, "2.3.2", [hex: :recon, repo: "hexpm", optional: false]}], "hexpm"},
  "ranch": {:hex, :ranch, "1.5.0", "f04166f456790fee2ac1aa05a02745cc75783c2bfb26d39faf6aefc9a3d3a58a", [:rebar3], [], "hexpm"},
  "ranch_proxy_protocol": {:hex, :ranch_proxy_protocol, "1.5.0", "e698aaeb590ad504b649dc0d3055abee6caf0b49d3caee1a080ae83b5b499f30", [:rebar3], [{:ranch, "1.5.0", [hex: :ranch, repo: "hexpm", optional: false]}], "hexpm"},
  "recon": {:hex, :recon, "2.3.2", "4444c879be323b1b133eec5241cb84bd3821ea194c740d75617e106be4744318", [:rebar3], [], "hexpm"},
}
